# This file is generated by running "yarn install" inside your project.
# Manual changes might be lost - proceed with caution!

__metadata:
  version: 4
  cacheKey: 6

"@sourcegraph/prettierrc@npm:^3.0.3":
  version: 3.0.3
  resolution: "@sourcegraph/prettierrc@npm:3.0.3"
  checksum: c609a18ee37733f702f931344464f6c78228eb062b1e90054c330a900dbfffaa2db5baacbb4f683ac6322cba3726bc9afd03be3f4a76c821ed7a54d21a7ee9d4
  languageName: node
  linkType: hard

"@toml-tools/lexer@npm:^0.3.1":
  version: 0.3.1
  resolution: "@toml-tools/lexer@npm:0.3.1"
  dependencies:
    chevrotain: 4.1.1
  checksum: 1d845adff527e10921ef05bb6fa6d4795c4b1cbd634dd2b24470c1166cf5a3ed1bacaf24192209ed17de12beeecde057c62346622057eb3fd20da57a297a94fe
  languageName: node
  linkType: hard

"@toml-tools/parser@npm:^0.3.1":
  version: 0.3.1
  resolution: "@toml-tools/parser@npm:0.3.1"
  dependencies:
    "@toml-tools/lexer": ^0.3.1
    chevrotain: 4.1.1
  checksum: 28d7500f0260ce7fc29ad74414dfc0da502ea8df20f94d5d952a72204bd2661265eb3df572e3f8e9b502ada40f8ea8d27ad13e57ddf3497cef19f2ae26ac27a6
  languageName: node
  linkType: hard

"chevrotain@npm:4.1.1":
  version: 4.1.1
  resolution: "chevrotain@npm:4.1.1"
  dependencies:
    regexp-to-ast: 0.3.5
  checksum: e4c0847e2f435fc695c068b57ba6c922694b712f8cb07d86e3464173142af84ee43e9ff32e716c4150760796d6a88b5496c431dca9156db86116e1e5d5a03431
  languageName: node
  linkType: hard

"ds-to-dhall@workspace:.":
  version: 0.0.0-use.local
  resolution: "ds-to-dhall@workspace:."
  dependencies:
    "@sourcegraph/prettierrc": ^3.0.3
    prettier: ^2.0.5
    prettier-plugin-toml: ^0.3.1
  languageName: unknown
  linkType: soft

"prettier-plugin-toml@npm:^0.3.1":
  version: 0.3.1
  resolution: "prettier-plugin-toml@npm:0.3.1"
  dependencies:
    "@toml-tools/parser": ^0.3.1
    prettier: ^1.16.0
  checksum: d0886c738dc9fe640dc1ed4b3bd48846b48acfcf64b8ad487290c945c44ade35aea99753aef8f44710d32be76be8436447a0a381a588f561177f2378850621fe
  languageName: node
  linkType: hard

"prettier@npm:^1.16.0":
  version: 1.19.1
  resolution: "prettier@npm:1.19.1"
  bin:
    prettier: ./bin-prettier.js
  checksum: e5fcdfe5e159ef5c5480245353cf8fb5bbd1b8afff266f31f281641825238f8a645e58472f77cd75a09ccc45d44c335466e8d901ec138c2bda05e1bd6ea1077c
  languageName: node
  linkType: hard

"prettier@npm:^2.0.5":
  version: 2.1.1
  resolution: "prettier@npm:2.1.1"
  bin:
    prettier: bin-prettier.js
  checksum: 420a807cda2d482388daa42379a7aaa1be629cb71f5792362a971a5ed1c6ff377d2e311818d24e9390a4a8a6eac3fda9ebe6975f2168efec893790c0497d8a93
  languageName: node
  linkType: hard

"regexp-to-ast@npm:0.3.5":
  version: 0.3.5
  resolution: "regexp-to-ast@npm:0.3.5"
  checksum: 2acbd6e3b07f7a02b2b33bdf25af39e96af596bb82c3e38aa4f6ea3d86686b7840f77f3681affb2f6e06b09cc829761ceca5914b4538621db4247e5d348ed9cd
  languageName: node
  linkType: hard
